
Microsoft Visual Studio Solution File, Format Version 12.00
# Visual Studio Version 16
VisualStudioVersion = 16.0.808.10
MinimumVisualStudioVersion = 10.0.40219.1
Project("{FAE04EC0-301F-11D3-BF4B-00C04F79EFBC}") = "reactapp", "reactapp.csproj", "{52183E41-6166-4A26-90FA-81053C7144CF}"
EndProject
Global
	GlobalSection(SolutionConfigurationPlatforms) = preSolution
		Debug|Any CPU = Debug|Any CPU
		Release|Any CPU = Release|Any CPU
	EndGlobalSection
	GlobalSection(ProjectConfigurationPlatforms) = postSolution
		{52183E41-6166-4A26-90FA-81053C7144CF}.Debug|Any CPU.ActiveCfg = Debug|Any CPU
		{52183E41-6166-4A26-90FA-81053C7144CF}.Debug|Any CPU.Build.0 = Debug|Any CPU
		{52183E41-6166-4A26-90FA-81053C7144CF}.Release|Any CPU.ActiveCfg = Release|Any CPU
		{52183E41-6166-4A26-90FA-81053C7144CF}.Release|Any CPU.Build.0 = Release|Any CPU
	EndGlobalSection
	GlobalSection(SolutionProperties) = preSolution
		HideSolutionNode = FALSE
	EndGlobalSection
	GlobalSection(ExtensibilityGlobals) = postSolution
		SolutionGuid = {16B74C37-32B0-440C-A3C6-6CE6546CCAB9}
	EndGlobalSection
EndGlobal
